
Microsoft Visual Studio Solution File, Format Version 12.00
# Visual Studio 14
VisualStudioVersion = 14.0.25420.1
MinimumVisualStudioVersion = 10.0.40219.1
Project("{FAE04EC0-301F-11D3-BF4B-00C04F79EFBC}") = "VehicleApp.Service", "VehicleApp.Service\VehicleApp.Service.csproj", "{9020B697-B064-4426-9E8A-FB270C5F45D3}"
EndProject
Project("{FAE04EC0-301F-11D3-BF4B-00C04F79EFBC}") = "VehicleApp.MVC", "VehicleApp.MVC\VehicleApp.MVC.csproj", "{AE20B377-A4FD-46FB-8B95-240BEE7C3EDE}"
EndProject
Project("{FAE04EC0-301F-11D3-BF4B-00C04F79EFBC}") = "VehicleApp.WebAPI", "VehicleApp.WebAPI\VehicleApp.WebAPI.csproj", "{992F8EC5-9AAD-4481-857C-D60FE1A92B53}"
EndProject
Global
	GlobalSection(SolutionConfigurationPlatforms) = preSolution
		Debug|Any CPU = Debug|Any CPU
		Release|Any CPU = Release|Any CPU
	EndGlobalSection
	GlobalSection(ProjectConfigurationPlatforms) = postSolution
		{9020B697-B064-4426-9E8A-FB270C5F45D3}.Debug|Any CPU.ActiveCfg = Debug|Any CPU
		{9020B697-B064-4426-9E8A-FB270C5F45D3}.Debug|Any CPU.Build.0 = Debug|Any CPU
		{9020B697-B064-4426-9E8A-FB270C5F45D3}.Release|Any CPU.ActiveCfg = Release|Any CPU
		{9020B697-B064-4426-9E8A-FB270C5F45D3}.Release|Any CPU.Build.0 = Release|Any CPU
		{AE20B377-A4FD-46FB-8B95-240BEE7C3EDE}.Debug|Any CPU.ActiveCfg = Debug|Any CPU
		{AE20B377-A4FD-46FB-8B95-240BEE7C3EDE}.Debug|Any CPU.Build.0 = Debug|Any CPU
		{AE20B377-A4FD-46FB-8B95-240BEE7C3EDE}.Release|Any CPU.ActiveCfg = Release|Any CPU
		{AE20B377-A4FD-46FB-8B95-240BEE7C3EDE}.Release|Any CPU.Build.0 = Release|Any CPU
		{992F8EC5-9AAD-4481-857C-D60FE1A92B53}.Debug|Any CPU.ActiveCfg = Debug|Any CPU
		{992F8EC5-9AAD-4481-857C-D60FE1A92B53}.Debug|Any CPU.Build.0 = Debug|Any CPU
		{992F8EC5-9AAD-4481-857C-D60FE1A92B53}.Release|Any CPU.ActiveCfg = Release|Any CPU
		{992F8EC5-9AAD-4481-857C-D60FE1A92B53}.Release|Any CPU.Build.0 = Release|Any CPU
	EndGlobalSection
	GlobalSection(SolutionProperties) = preSolution
		HideSolutionNode = FALSE
	EndGlobalSection
EndGlobal
